#MicroXplorer Configuration settings - do not modify
Mcu.Family=STM32F4
RCC.PLLSourceVirtual=RCC_PLLSOURCE_HSE
ProjectManager.MainLocation=Core/Src
TIM1.OCPolarity_1=TIM_OCPOLARITY_LOW
ProjectManager.ProjectFileName=triple_adc_dma_timer.ioc
PH0-OSC_IN.Signal=RCC_OSC_IN
Dma.ADC1.0.Instance=DMA2_Stream0
RCC.CortexFreq_Value=180000000
ADC2.Mode=ADC_TRIPLEMODE_REGSIMULT
ADC1.Rank-0\#ChannelRegularConversion=1
ProjectManager.KeepUserCode=true
Mcu.UserName=STM32F446VETx
Mcu.PinsNb=8
ProjectManager.NoMain=false
ADC2.Channel-0\#ChannelRegularConversion=ADC_CHANNEL_11
TIM1.RepetitionCounter=1
TIM1.IPParameters=Channel-PWM Generation1 CH1,Period,RepetitionCounter,AutoReloadPreload,OCFastMode_PWM-PWM Generation1 CH1,OCPolarity_1
ADC1.IPParameters=Rank-0\#ChannelRegularConversion,master,Channel-0\#ChannelRegularConversion,SamplingTime-0\#ChannelRegularConversion,NbrOfConversionFlag,Mode,DMAAccessMode,EOCSelection,ExternalTrigConv
RCC.PLLCLKFreq_Value=180000000
RCC.FMPI2C1Freq_Value=45000000
RCC.PLLQCLKFreq_Value=180000000
RCC.VCOI2SInputFreq_Value=500000
ProjectManager.functionlistsort=1-MX_GPIO_Init-GPIO-false-HAL-true,2-MX_DMA_Init-DMA-false-HAL-true,3-SystemClock_Config-RCC-false-HAL-false,4-MX_ADC1_Init-ADC1-false-HAL-true,5-MX_ADC2_Init-ADC2-false-HAL-true,6-MX_ADC3_Init-ADC3-false-HAL-true,7-MX_TIM1_Init-TIM1-false-HAL-true
ProjectManager.DefaultFWLocation=true
RCC.PLLI2SRCLKFreq_Value=48000000
ProjectManager.DeletePrevious=true
TIM1.OCFastMode_PWM-PWM\ Generation1\ CH1=TIM_OCFAST_ENABLE
SH.S_TIM1_CH1.ConfNb=1
PC0.Signal=ADCx_IN10
RCC.APB1CLKDivider=RCC_HCLK_DIV4
ADC3.Channel-0\#ChannelRegularConversion=ADC_CHANNEL_0
RCC.SAIAFreq_Value=48000000
PinOutPanel.RotationAngle=0
RCC.FamilyName=M
RCC.SYSCLKSource=RCC_SYSCLKSOURCE_PLLCLK
ProjectManager.StackSize=0x400
PA0-WKUP.Signal=ADCx_IN0
Mcu.IP4=NVIC
TIM1.AutoReloadPreload=TIM_AUTORELOAD_PRELOAD_ENABLE
Mcu.IP5=RCC
RCC.FCLKCortexFreq_Value=180000000
Mcu.IP2=ADC3
NVIC.SVCall_IRQn=true\:0\:0\:false\:false\:true\:false\:false
Mcu.IP3=DMA
Mcu.IP0=ADC1
Dma.ADC1.0.PeriphDataAlignment=DMA_PDATAALIGN_HALFWORD
Mcu.IP1=ADC2
ADC3.SamplingTime-0\#ChannelRegularConversion=ADC_SAMPLETIME_3CYCLES
SH.S_TIM1_CH1.0=TIM1_CH1,PWM Generation1 CH1
Mcu.UserConstants=
ProjectManager.TargetToolchain=STM32CubeIDE
Dma.ADC1.0.Mode=DMA_CIRCULAR
Mcu.ThirdPartyNb=0
ADC1.Mode=ADC_TRIPLEMODE_REGSIMULT
RCC.SDIOFreq_Value=180000000
RCC.HCLKFreq_Value=180000000
ADC2.IPParameters=Rank-0\#ChannelRegularConversion,Channel-0\#ChannelRegularConversion,SamplingTime-0\#ChannelRegularConversion,NbrOfConversionFlag,Mode,DMAAccessMode
Mcu.IPNb=8
ProjectManager.PreviousToolchain=
Dma.ADC1.0.Priority=DMA_PRIORITY_HIGH
RCC.APB2TimFreq_Value=180000000
VP_TIM1_VS_ClockSourceINT.Signal=TIM1_VS_ClockSourceINT
Dma.ADC1.0.Direction=DMA_PERIPH_TO_MEMORY
RCC.SPDIFRXFreq_Value=180000000
RCC.I2S1Freq_Value=48000000
Mcu.Pin6=VP_SYS_VS_Systick
Mcu.Pin7=VP_TIM1_VS_ClockSourceINT
NVIC.DMA2_Stream0_IRQn=true\:0\:0\:false\:false\:true\:false\:true
ProjectManager.RegisterCallBack=
RCC.USBFreq_Value=180000000
RCC.VCOSAIOutputFreq_Value=96000000
RCC.PLLSAIoutputFreq_Value=48000000
Dma.ADC1.0.MemDataAlignment=DMA_MDATAALIGN_HALFWORD
RCC.AHBFreq_Value=180000000
PH0-OSC_IN.Mode=HSE-External-Oscillator
Mcu.Pin0=PH0-OSC_IN
Mcu.Pin1=PH1-OSC_OUT
Mcu.Pin2=PC0
Mcu.Pin3=PC1
Mcu.Pin4=PA0-WKUP
RCC.VCOI2SOutputFreq_Value=96000000
Mcu.Pin5=PA8
ADC1.Channel-0\#ChannelRegularConversion=ADC_CHANNEL_10
ProjectManager.ProjectBuild=false
RCC.HSE_VALUE=8000000
NVIC.UsageFault_IRQn=true\:0\:0\:false\:false\:true\:false\:false
NVIC.DebugMonitor_IRQn=true\:0\:0\:false\:false\:true\:false\:false
PA8.Locked=true
RCC.PLLSAIPCLKFreq_Value=48000000
board=custom
RCC.VCOOutputFreq_Value=360000000
NVIC.SysTick_IRQn=true\:0\:0\:false\:false\:true\:false\:true
ProjectManager.LastFirmware=true
Dma.ADC1.0.RequestParameters=Instance,Direction,PeriphInc,MemInc,PeriphDataAlignment,MemDataAlignment,Mode,Priority,FIFOMode
ProjectManager.FirmwarePackage=STM32Cube FW_F4 V1.26.2
MxDb.Version=DB.6.0.21
RCC.APB2Freq_Value=90000000
SH.ADCx_IN11.0=ADC2_IN11,IN11
ProjectManager.BackupPrevious=false
MxCube.Version=6.2.1
RCC.VCOInputFreq_Value=2000000
TIM1.Channel-PWM\ Generation1\ CH1=TIM_CHANNEL_1
RCC.PLLI2SPCLKFreq_Value=48000000
SH.ADCx_IN0.ConfNb=1
ADC1.DMAAccessMode=ADC_DMAACCESSMODE_1
SH.ADCx_IN10.ConfNb=1
Dma.ADC1.0.PeriphInc=DMA_PINC_DISABLE
File.Version=6
VP_SYS_VS_Systick.Mode=SysTick
PH1-OSC_OUT.Signal=RCC_OSC_OUT
ADC3.IPParameters=Rank-0\#ChannelRegularConversion,Channel-0\#ChannelRegularConversion,SamplingTime-0\#ChannelRegularConversion,NbrOfConversionFlag
SH.ADCx_IN11.ConfNb=1
PA8.Signal=S_TIM1_CH1
NVIC.NonMaskableInt_IRQn=true\:0\:0\:false\:false\:true\:false\:false
RCC.PLLRCLKFreq_Value=180000000
SH.ADCx_IN0.0=ADC3_IN0,IN0
NVIC.PendSV_IRQn=true\:0\:0\:false\:false\:true\:false\:false
ProjectManager.FreePins=false
RCC.IPParameters=AHBFreq_Value,APB1CLKDivider,APB1Freq_Value,APB1TimFreq_Value,APB2CLKDivider,APB2Freq_Value,APB2TimFreq_Value,CECFreq_Value,CortexFreq_Value,FCLKCortexFreq_Value,FMPI2C1Freq_Value,FamilyName,HCLKFreq_Value,HSE_VALUE,I2S1Freq_Value,I2S2Freq_Value,MCO2PinFreq_Value,PLLCLKFreq_Value,PLLI2SPCLKFreq_Value,PLLI2SQCLKFreq_Value,PLLI2SRCLKFreq_Value,PLLI2SoutputFreq_Value,PLLM,PLLN,PLLQCLKFreq_Value,PLLRCLKFreq_Value,PLLSAIPCLKFreq_Value,PLLSAIQCLKFreq_Value,PLLSAIoutputFreq_Value,PLLSourceVirtual,PWRFreq_Value,SAIAFreq_Value,SAIBFreq_Value,SDIOFreq_Value,SPDIFRXFreq_Value,SYSCLKFreq_VALUE,SYSCLKSource,USBFreq_Value,VCOI2SInputFreq_Value,VCOI2SOutputFreq_Value,VCOInputFreq_Value,VCOOutputFreq_Value,VCOSAIInputFreq_Value,VCOSAIOutputFreq_Value
ProjectManager.AskForMigrate=true
Mcu.Name=STM32F446V(C-E)Tx
Dma.RequestsNb=1
RCC.PLLI2SQCLKFreq_Value=48000000
RCC.PLLI2SoutputFreq_Value=48000000
ProjectManager.HalAssertFull=false
VP_TIM1_VS_ClockSourceINT.Mode=Internal
ADC1.SamplingTime-0\#ChannelRegularConversion=ADC_SAMPLETIME_3CYCLES
ProjectManager.ProjectName=triple_adc_dma_timer
ProjectManager.UnderRoot=true
ADC1.ExternalTrigConv=ADC_SOFTWARE_START
Mcu.IP6=SYS
RCC.VCOSAIInputFreq_Value=500000
Mcu.IP7=TIM1
ProjectManager.CoupleFile=true
PH1-OSC_OUT.Mode=HSE-External-Oscillator
RCC.MCO2PinFreq_Value=180000000
RCC.SYSCLKFreq_VALUE=180000000
Mcu.Package=LQFP100
ADC1.master=1
RCC.I2S2Freq_Value=48000000
ADC2.NbrOfConversionFlag=1
NVIC.ForceEnableDMAVector=true
KeepUserPlacement=false
NVIC.MemoryManagement_IRQn=true\:0\:0\:false\:false\:true\:false\:false
ProjectManager.CompilerOptimize=6
ProjectManager.ToolChainLocation=
VP_SYS_VS_Systick.Signal=SYS_VS_Systick
ADC3.Rank-0\#ChannelRegularConversion=1
Dma.ADC1.0.MemInc=DMA_MINC_ENABLE
SH.ADCx_IN10.0=ADC1_IN10,IN10
ProjectManager.HeapSize=0x200
NVIC.HardFault_IRQn=true\:0\:0\:false\:false\:true\:false\:false
ADC2.SamplingTime-0\#ChannelRegularConversion=ADC_SAMPLETIME_3CYCLES
ProjectManager.ComputerToolchain=false
NVIC.PriorityGroup=NVIC_PRIORITYGROUP_4
ADC1.NbrOfConversionFlag=1
RCC.APB2CLKDivider=RCC_HCLK_DIV2
RCC.PLLM=4
RCC.PLLN=180
RCC.CECFreq_Value=32786.88524590164
RCC.APB1TimFreq_Value=90000000
NVIC.BusFault_IRQn=true\:0\:0\:false\:false\:true\:false\:false
RCC.PWRFreq_Value=180000000
Dma.ADC1.0.FIFOMode=DMA_FIFOMODE_DISABLE
TIM1.Period=0x8CA
ADC2.Rank-0\#ChannelRegularConversion=1
RCC.SAIBFreq_Value=48000000
Dma.Request0=ADC1
RCC.APB1Freq_Value=45000000
ADC3.NbrOfConversionFlag=1
ADC1.EOCSelection=ADC_EOC_SINGLE_CONV
ProjectManager.CustomerFirmwarePackage=
ADC2.DMAAccessMode=ADC_DMAACCESSMODE_1
ProjectManager.DeviceId=STM32F446VETx
PC1.Signal=ADCx_IN11
ProjectManager.LibraryCopy=1
RCC.PLLSAIQCLKFreq_Value=48000000
isbadioc=false
